<?xml version="1.0" encoding="utf-8"?>
<Project ToolsVersion="4.0" xmlns="http://schemas.microsoft.com/developer/msbuild/2003">
  <ItemGroup>
    <Filter Include="00.Main">
      <UniqueIdentifier>{ea452bfa-8d00-4dc2-bd75-a44d54f31afc}</UniqueIdentifier>
    </Filter>
    <Filter Include="99.Headers">
      <UniqueIdentifier>{d401ded1-ce58-4592-b613-1aeaf2d43c70}</UniqueIdentifier>
    </Filter>
    <Filter Include="98.Proto">
      <UniqueIdentifier>{21b4d67d-f02b-48a3-91fe-86bb07d5dc76}</UniqueIdentifier>
    </Filter>
    <Filter Include="01.Network">
      <UniqueIdentifier>{af5bb9fb-5299-40c0-b2aa-48b83bf0f674}</UniqueIdentifier>
    </Filter>
    <Filter Include="02.Manager">
      <UniqueIdentifier>{40d1d8f2-95c7-40b6-8451-fd630af9c3de}</UniqueIdentifier>
    </Filter>
    <Filter Include="03.Actor">
      <UniqueIdentifier>{f5306d3b-445a-4752-baec-ed6809da2cf0}</UniqueIdentifier>
    </Filter>
    <Filter Include="04.Scene">
      <UniqueIdentifier>{e93c8b37-6fe0-44ba-b79d-6d93a682b5a0}</UniqueIdentifier>
    </Filter>
    <Filter Include="97. Utils">
      <UniqueIdentifier>{2d5e5a2c-c9a1-496d-a486-3b0120b034e8}</UniqueIdentifier>
    </Filter>
  </ItemGroup>
  <ItemGroup>
    <ClInclude Include="pch.h">
      <Filter>99.Headers</Filter>
    </ClInclude>
    <ClInclude Include="Enum.pb.h">
      <Filter>98.Proto</Filter>
    </ClInclude>
    <ClInclude Include="Protocol.pb.h">
      <Filter>98.Proto</Filter>
    </ClInclude>
    <ClInclude Include="Struct.pb.h">
      <Filter>98.Proto</Filter>
    </ClInclude>
    <ClInclude Include="DummyClient.h">
      <Filter>00.Main</Filter>
    </ClInclude>
    <ClInclude Include="Game.h">
      <Filter>00.Main</Filter>
    </ClInclude>
    <ClInclude Include="Utils.h">
      <Filter>99.Headers</Filter>
    </ClInclude>
    <ClInclude Include="InputManager.h">
      <Filter>02.Manager</Filter>
    </ClInclude>
    <ClInclude Include="TimeManager.h">
      <Filter>02.Manager</Filter>
    </ClInclude>
    <ClInclude Include="Scene.h">
      <Filter>04.Scene</Filter>
    </ClInclude>
    <ClInclude Include="Player.h">
      <Filter>03.Actor</Filter>
    </ClInclude>
    <ClInclude Include="MovementInterpolator.h">
      <Filter>03.Actor</Filter>
    </ClInclude>
    <ClInclude Include="Defines.h">
      <Filter>99.Headers</Filter>
    </ClInclude>
    <ClInclude Include="SceneManager.h">
      <Filter>02.Manager</Filter>
    </ClInclude>
    <ClInclude Include="GameScene.h">
      <Filter>04.Scene</Filter>
    </ClInclude>
    <ClInclude Include="GameUdpSession.h">
      <Filter>01.Network</Filter>
    </ClInclude>
    <ClInclude Include="GameTcpSession.h">
      <Filter>01.Network</Filter>
    </ClInclude>
    <ClInclude Include="ServerPacketHandler.h">
      <Filter>01.Network</Filter>
    </ClInclude>
    <ClInclude Include="GameUdpReceiver.h">
      <Filter>01.Network</Filter>
    </ClInclude>
    <ClInclude Include="TransformCompressor.h">
      <Filter>97. Utils</Filter>
    </ClInclude>
    <ClInclude Include="IdManager.h">
      <Filter>97. Utils</Filter>
    </ClInclude>
    <ClInclude Include="Actor.h">
      <Filter>03.Actor</Filter>
    </ClInclude>
    <ClInclude Include="RemoteActor.h">
      <Filter>03.Actor</Filter>
    </ClInclude>
    <ClInclude Include="Types.h">
      <Filter>00.Main</Filter>
    </ClInclude>
    <ClInclude Include="Renderer.h">
      <Filter>00.Main</Filter>
    </ClInclude>
    <ClInclude Include="Values.h">
      <Filter>99.Headers</Filter>
    </ClInclude>
    <ClInclude Include="SessionManager.h">
      <Filter>02.Manager</Filter>
    </ClInclude>
  </ItemGroup>
  <ItemGroup>
    <ClCompile Include="pch.cpp">
      <Filter>99.Headers</Filter>
    </ClCompile>
    <ClCompile Include="DummyClient.cpp">
      <Filter>00.Main</Filter>
    </ClCompile>
    <ClCompile Include="Enum.pb.cc">
      <Filter>98.Proto</Filter>
    </ClCompile>
    <ClCompile Include="Protocol.pb.cc">
      <Filter>98.Proto</Filter>
    </ClCompile>
    <ClCompile Include="Struct.pb.cc">
      <Filter>98.Proto</Filter>
    </ClCompile>
    <ClCompile Include="Game.cpp">
      <Filter>00.Main</Filter>
    </ClCompile>
    <ClCompile Include="Utils.cpp">
      <Filter>99.Headers</Filter>
    </ClCompile>
    <ClCompile Include="InputManager.cpp">
      <Filter>02.Manager</Filter>
    </ClCompile>
    <ClCompile Include="TimeManager.cpp">
      <Filter>02.Manager</Filter>
    </ClCompile>
    <ClCompile Include="Scene.cpp">
      <Filter>04.Scene</Filter>
    </ClCompile>
    <ClCompile Include="Player.cpp">
      <Filter>03.Actor</Filter>
    </ClCompile>
    <ClCompile Include="MovementInterpolator.cpp">
      <Filter>03.Actor</Filter>
    </ClCompile>
    <ClCompile Include="SceneManager.cpp">
      <Filter>02.Manager</Filter>
    </ClCompile>
    <ClCompile Include="GameScene.cpp">
      <Filter>04.Scene</Filter>
    </ClCompile>
    <ClCompile Include="GameTcpSession.cpp">
      <Filter>01.Network</Filter>
    </ClCompile>
    <ClCompile Include="GameUdpSession.cpp">
      <Filter>01.Network</Filter>
    </ClCompile>
    <ClCompile Include="ServerPacketHandler.cpp">
      <Filter>01.Network</Filter>
    </ClCompile>
    <ClCompile Include="GameUdpReceiver.cpp">
      <Filter>01.Network</Filter>
    </ClCompile>
    <ClCompile Include="TransformCompressor.cpp">
      <Filter>97. Utils</Filter>
    </ClCompile>
    <ClCompile Include="IdManager.cpp">
      <Filter>97. Utils</Filter>
    </ClCompile>
    <ClCompile Include="Actor.cpp">
      <Filter>03.Actor</Filter>
    </ClCompile>
    <ClCompile Include="RemoteActor.cpp">
      <Filter>03.Actor</Filter>
    </ClCompile>
    <ClCompile Include="Renderer.cpp">
      <Filter>00.Main</Filter>
    </ClCompile>
    <ClCompile Include="SessionManager.cpp">
      <Filter>02.Manager</Filter>
    </ClCompile>
  </ItemGroup>
  <ItemGroup>
    <None Include="..\Common\Protobuf\bin\Enum.proto">
      <Filter>98.Proto</Filter>
    </None>
    <None Include="..\Common\Protobuf\bin\Protocol.proto">
      <Filter>98.Proto</Filter>
    </None>
    <None Include="..\Common\Protobuf\bin\Struct.proto">
      <Filter>98.Proto</Filter>
    </None>
    <None Include="..\Common\Protobuf\bin\GenPackets.bat">
      <Filter>98.Proto</Filter>
    </None>
  </ItemGroup>
</Project>